
Microsoft Visual Studio Solution File, Format Version 12.00
# Visual Studio Version 17
VisualStudioVersion = 17.3.32929.385
MinimumVisualStudioVersion = 10.0.40219.1
Project("{9A19103F-16F7-4668-BE54-9A1E7A4F7556}") = "Capacitor.Models", "Capacitor.Models\Capacitor.Models.csproj", "{AD12F46B-E2A3-4A89-B676-0E7A11B690C4}"
EndProject
Project("{9A19103F-16F7-4668-BE54-9A1E7A4F7556}") = "CapacitorGUI.cs", "Capacitor.Console\CapacitorGUI.cs.csproj", "{E01D7BC3-DAB7-4C62-BEFA-3CEB42B3335F}"
EndProject
Global
	GlobalSection(SolutionConfigurationPlatforms) = preSolution
		Debug|Any CPU = Debug|Any CPU
		Release|Any CPU = Release|Any CPU
	EndGlobalSection
	GlobalSection(ProjectConfigurationPlatforms) = postSolution
		{AD12F46B-E2A3-4A89-B676-0E7A11B690C4}.Debug|Any CPU.ActiveCfg = Debug|Any CPU
		{AD12F46B-E2A3-4A89-B676-0E7A11B690C4}.Debug|Any CPU.Build.0 = Debug|Any CPU
		{AD12F46B-E2A3-4A89-B676-0E7A11B690C4}.Release|Any CPU.ActiveCfg = Release|Any CPU
		{AD12F46B-E2A3-4A89-B676-0E7A11B690C4}.Release|Any CPU.Build.0 = Release|Any CPU
		{E01D7BC3-DAB7-4C62-BEFA-3CEB42B3335F}.Debug|Any CPU.ActiveCfg = Debug|Any CPU
		{E01D7BC3-DAB7-4C62-BEFA-3CEB42B3335F}.Debug|Any CPU.Build.0 = Debug|Any CPU
		{E01D7BC3-DAB7-4C62-BEFA-3CEB42B3335F}.Release|Any CPU.ActiveCfg = Release|Any CPU
		{E01D7BC3-DAB7-4C62-BEFA-3CEB42B3335F}.Release|Any CPU.Build.0 = Release|Any CPU
	EndGlobalSection
	GlobalSection(SolutionProperties) = preSolution
		HideSolutionNode = FALSE
	EndGlobalSection
	GlobalSection(ExtensibilityGlobals) = postSolution
		SolutionGuid = {222B4FCF-F893-411B-9F0D-9DDB926F7FCB}
	EndGlobalSection
EndGlobal
